
Microsoft Visual Studio Solution File, Format Version 12.00
Project("{FAE04EC0-301F-11D3-BF4B-00C04F79EFBC}") = "ADSB.NET", "ADSB.NET\ADSB.NET.csproj", "{DD6535ED-00BB-4B09-9144-5F466A23BB56}"
EndProject
Project("{FAE04EC0-301F-11D3-BF4B-00C04F79EFBC}") = "Sandbox", "Sandbox\Sandbox.csproj", "{18A061E9-32E2-463E-B42B-362A17F0A680}"
EndProject
Global
	GlobalSection(SolutionConfigurationPlatforms) = preSolution
		Debug|Any CPU = Debug|Any CPU
		Release|Any CPU = Release|Any CPU
	EndGlobalSection
	GlobalSection(ProjectConfigurationPlatforms) = postSolution
		{DD6535ED-00BB-4B09-9144-5F466A23BB56}.Debug|Any CPU.ActiveCfg = Debug|Any CPU
		{DD6535ED-00BB-4B09-9144-5F466A23BB56}.Debug|Any CPU.Build.0 = Debug|Any CPU
		{DD6535ED-00BB-4B09-9144-5F466A23BB56}.Release|Any CPU.ActiveCfg = Release|Any CPU
		{DD6535ED-00BB-4B09-9144-5F466A23BB56}.Release|Any CPU.Build.0 = Release|Any CPU
		{18A061E9-32E2-463E-B42B-362A17F0A680}.Debug|Any CPU.ActiveCfg = Debug|Any CPU
		{18A061E9-32E2-463E-B42B-362A17F0A680}.Debug|Any CPU.Build.0 = Debug|Any CPU
		{18A061E9-32E2-463E-B42B-362A17F0A680}.Release|Any CPU.ActiveCfg = Release|Any CPU
		{18A061E9-32E2-463E-B42B-362A17F0A680}.Release|Any CPU.Build.0 = Release|Any CPU
	EndGlobalSection
EndGlobal
